
Microsoft Visual Studio Solution File, Format Version 12.00
# Visual Studio Version 17
VisualStudioVersion = 17.4.33110.190
MinimumVisualStudioVersion = 10.0.40219.1
Project("{FAE04EC0-301F-11D3-BF4B-00C04F79EFBC}") = "SkillMinePractiesPrograms", "BasicPractiesPrograms\SkillMinePractiesPrograms.csproj", "{AB054137-BDD1-408D-A10F-24A334D6504E}"
EndProject
Project("{FAE04EC0-301F-11D3-BF4B-00C04F79EFBC}") = "OopsPrograms", "OopsPrograms\OopsPrograms.csproj", "{4F9CC1C4-510D-45F1-89FF-ABC621D58934}"
EndProject
Global
	GlobalSection(SolutionConfigurationPlatforms) = preSolution
		Debug|Any CPU = Debug|Any CPU
		Release|Any CPU = Release|Any CPU
	EndGlobalSection
	GlobalSection(ProjectConfigurationPlatforms) = postSolution
		{AB054137-BDD1-408D-A10F-24A334D6504E}.Debug|Any CPU.ActiveCfg = Debug|Any CPU
		{AB054137-BDD1-408D-A10F-24A334D6504E}.Debug|Any CPU.Build.0 = Debug|Any CPU
		{AB054137-BDD1-408D-A10F-24A334D6504E}.Release|Any CPU.ActiveCfg = Release|Any CPU
		{AB054137-BDD1-408D-A10F-24A334D6504E}.Release|Any CPU.Build.0 = Release|Any CPU
		{4F9CC1C4-510D-45F1-89FF-ABC621D58934}.Debug|Any CPU.ActiveCfg = Debug|Any CPU
		{4F9CC1C4-510D-45F1-89FF-ABC621D58934}.Debug|Any CPU.Build.0 = Debug|Any CPU
		{4F9CC1C4-510D-45F1-89FF-ABC621D58934}.Release|Any CPU.ActiveCfg = Release|Any CPU
		{4F9CC1C4-510D-45F1-89FF-ABC621D58934}.Release|Any CPU.Build.0 = Release|Any CPU
	EndGlobalSection
	GlobalSection(SolutionProperties) = preSolution
		HideSolutionNode = FALSE
	EndGlobalSection
	GlobalSection(ExtensibilityGlobals) = postSolution
		SolutionGuid = {1ED6CB1D-B84B-4106-8FB0-7E1071972714}
	EndGlobalSection
EndGlobal
